
Microsoft Visual Studio Solution File, Format Version 12.00
# Visual Studio Version 16
VisualStudioVersion = 16.0.31424.327
MinimumVisualStudioVersion = 10.0.40219.1
Project("{2150E333-8FDC-42A3-9474-1A3956D46DE8}") = "Api", "Api", "{75C2CE19-9F4C-4D6F-B687-27A7EC84634D}"
EndProject
Project("{2150E333-8FDC-42A3-9474-1A3956D46DE8}") = "Application", "Application", "{EB3FD1C1-6D56-48DD-B357-4A52078496AE}"
EndProject
Project("{2150E333-8FDC-42A3-9474-1A3956D46DE8}") = "Core", "Core", "{3933FB94-A49B-4443-9376-9D5B7C378ADF}"
EndProject
Project("{2150E333-8FDC-42A3-9474-1A3956D46DE8}") = "Domain", "Domain", "{2A45189C-F118-423F-83A1-114EDCBBEA9B}"
EndProject
Project("{2150E333-8FDC-42A3-9474-1A3956D46DE8}") = "Infrastructure", "Infrastructure", "{EA6F834C-9030-44EA-8767-68F49571534A}"
EndProject
Project("{FAE04EC0-301F-11D3-BF4B-00C04F79EFBC}") = "Application", "Application\Application.csproj", "{77356CB5-BFAF-404F-AEAD-E0F3F5715956}"
	ProjectSection(ProjectDependencies) = postProject
		{64D78D30-8F9F-49F1-8781-02F2B6B3C5A1} = {64D78D30-8F9F-49F1-8781-02F2B6B3C5A1}
		{A2FD8E53-EDF9-4228-9E0F-6E196C5AAC2A} = {A2FD8E53-EDF9-4228-9E0F-6E196C5AAC2A}
		{572849DF-06D5-4A00-ABE4-1F78C8A2A0E4} = {572849DF-06D5-4A00-ABE4-1F78C8A2A0E4}
	EndProjectSection
EndProject
Project("{FAE04EC0-301F-11D3-BF4B-00C04F79EFBC}") = "Application.Test", "Application.Test\Application.Test.csproj", "{1C638AEE-2664-4E10-8AEB-EBCE25627370}"
	ProjectSection(ProjectDependencies) = postProject
		{77356CB5-BFAF-404F-AEAD-E0F3F5715956} = {77356CB5-BFAF-404F-AEAD-E0F3F5715956}
	EndProjectSection
EndProject
Project("{FAE04EC0-301F-11D3-BF4B-00C04F79EFBC}") = "Core", "Core\Core.csproj", "{572849DF-06D5-4A00-ABE4-1F78C8A2A0E4}"
EndProject
Project("{FAE04EC0-301F-11D3-BF4B-00C04F79EFBC}") = "Domain", "Domain\Domain.csproj", "{A2FD8E53-EDF9-4228-9E0F-6E196C5AAC2A}"
EndProject
Project("{FAE04EC0-301F-11D3-BF4B-00C04F79EFBC}") = "Domain.Test", "Domain.Test\Domain.Test.csproj", "{0EFD1413-CD23-487F-A1BA-B1C6B072ECD8}"
	ProjectSection(ProjectDependencies) = postProject
		{64D78D30-8F9F-49F1-8781-02F2B6B3C5A1} = {64D78D30-8F9F-49F1-8781-02F2B6B3C5A1}
		{A2FD8E53-EDF9-4228-9E0F-6E196C5AAC2A} = {A2FD8E53-EDF9-4228-9E0F-6E196C5AAC2A}
	EndProjectSection
EndProject
Project("{FAE04EC0-301F-11D3-BF4B-00C04F79EFBC}") = "Infrastructure", "Infrastructure\Infrastructure.csproj", "{64D78D30-8F9F-49F1-8781-02F2B6B3C5A1}"
EndProject
Project("{FAE04EC0-301F-11D3-BF4B-00C04F79EFBC}") = "Api", "Api\Api.csproj", "{45C6FC67-40E1-43A6-8E45-1B5BE378FD5C}"
	ProjectSection(ProjectDependencies) = postProject
		{77356CB5-BFAF-404F-AEAD-E0F3F5715956} = {77356CB5-BFAF-404F-AEAD-E0F3F5715956}
	EndProjectSection
EndProject
Global
	GlobalSection(SolutionConfigurationPlatforms) = preSolution
		Debug|Any CPU = Debug|Any CPU
		Release|Any CPU = Release|Any CPU
	EndGlobalSection
	GlobalSection(ProjectConfigurationPlatforms) = postSolution
		{77356CB5-BFAF-404F-AEAD-E0F3F5715956}.Debug|Any CPU.ActiveCfg = Debug|Any CPU
		{77356CB5-BFAF-404F-AEAD-E0F3F5715956}.Debug|Any CPU.Build.0 = Debug|Any CPU
		{77356CB5-BFAF-404F-AEAD-E0F3F5715956}.Release|Any CPU.ActiveCfg = Release|Any CPU
		{77356CB5-BFAF-404F-AEAD-E0F3F5715956}.Release|Any CPU.Build.0 = Release|Any CPU
		{1C638AEE-2664-4E10-8AEB-EBCE25627370}.Debug|Any CPU.ActiveCfg = Debug|Any CPU
		{1C638AEE-2664-4E10-8AEB-EBCE25627370}.Debug|Any CPU.Build.0 = Debug|Any CPU
		{1C638AEE-2664-4E10-8AEB-EBCE25627370}.Release|Any CPU.ActiveCfg = Release|Any CPU
		{1C638AEE-2664-4E10-8AEB-EBCE25627370}.Release|Any CPU.Build.0 = Release|Any CPU
		{572849DF-06D5-4A00-ABE4-1F78C8A2A0E4}.Debug|Any CPU.ActiveCfg = Debug|Any CPU
		{572849DF-06D5-4A00-ABE4-1F78C8A2A0E4}.Debug|Any CPU.Build.0 = Debug|Any CPU
		{572849DF-06D5-4A00-ABE4-1F78C8A2A0E4}.Release|Any CPU.ActiveCfg = Release|Any CPU
		{572849DF-06D5-4A00-ABE4-1F78C8A2A0E4}.Release|Any CPU.Build.0 = Release|Any CPU
		{A2FD8E53-EDF9-4228-9E0F-6E196C5AAC2A}.Debug|Any CPU.ActiveCfg = Debug|Any CPU
		{A2FD8E53-EDF9-4228-9E0F-6E196C5AAC2A}.Debug|Any CPU.Build.0 = Debug|Any CPU
		{A2FD8E53-EDF9-4228-9E0F-6E196C5AAC2A}.Release|Any CPU.ActiveCfg = Release|Any CPU
		{A2FD8E53-EDF9-4228-9E0F-6E196C5AAC2A}.Release|Any CPU.Build.0 = Release|Any CPU
		{0EFD1413-CD23-487F-A1BA-B1C6B072ECD8}.Debug|Any CPU.ActiveCfg = Debug|Any CPU
		{0EFD1413-CD23-487F-A1BA-B1C6B072ECD8}.Debug|Any CPU.Build.0 = Debug|Any CPU
		{0EFD1413-CD23-487F-A1BA-B1C6B072ECD8}.Release|Any CPU.ActiveCfg = Release|Any CPU
		{0EFD1413-CD23-487F-A1BA-B1C6B072ECD8}.Release|Any CPU.Build.0 = Release|Any CPU
		{64D78D30-8F9F-49F1-8781-02F2B6B3C5A1}.Debug|Any CPU.ActiveCfg = Debug|Any CPU
		{64D78D30-8F9F-49F1-8781-02F2B6B3C5A1}.Debug|Any CPU.Build.0 = Debug|Any CPU
		{64D78D30-8F9F-49F1-8781-02F2B6B3C5A1}.Release|Any CPU.ActiveCfg = Release|Any CPU
		{64D78D30-8F9F-49F1-8781-02F2B6B3C5A1}.Release|Any CPU.Build.0 = Release|Any CPU
		{45C6FC67-40E1-43A6-8E45-1B5BE378FD5C}.Debug|Any CPU.ActiveCfg = Debug|Any CPU
		{45C6FC67-40E1-43A6-8E45-1B5BE378FD5C}.Debug|Any CPU.Build.0 = Debug|Any CPU
		{45C6FC67-40E1-43A6-8E45-1B5BE378FD5C}.Release|Any CPU.ActiveCfg = Release|Any CPU
		{45C6FC67-40E1-43A6-8E45-1B5BE378FD5C}.Release|Any CPU.Build.0 = Release|Any CPU
	EndGlobalSection
	GlobalSection(SolutionProperties) = preSolution
		HideSolutionNode = FALSE
	EndGlobalSection
	GlobalSection(NestedProjects) = preSolution
		{77356CB5-BFAF-404F-AEAD-E0F3F5715956} = {EB3FD1C1-6D56-48DD-B357-4A52078496AE}
		{1C638AEE-2664-4E10-8AEB-EBCE25627370} = {EB3FD1C1-6D56-48DD-B357-4A52078496AE}
		{572849DF-06D5-4A00-ABE4-1F78C8A2A0E4} = {3933FB94-A49B-4443-9376-9D5B7C378ADF}
		{A2FD8E53-EDF9-4228-9E0F-6E196C5AAC2A} = {2A45189C-F118-423F-83A1-114EDCBBEA9B}
		{0EFD1413-CD23-487F-A1BA-B1C6B072ECD8} = {2A45189C-F118-423F-83A1-114EDCBBEA9B}
		{64D78D30-8F9F-49F1-8781-02F2B6B3C5A1} = {EA6F834C-9030-44EA-8767-68F49571534A}
		{45C6FC67-40E1-43A6-8E45-1B5BE378FD5C} = {75C2CE19-9F4C-4D6F-B687-27A7EC84634D}
	EndGlobalSection
	GlobalSection(ExtensibilityGlobals) = postSolution
		SolutionGuid = {D7B7148B-AFDE-4F71-9614-E70876502491}
	EndGlobalSection
EndGlobal
